
Microsoft Visual Studio Solution File, Format Version 12.00
# Visual Studio Version 17
VisualStudioVersion = 17.13.35931.197 d17.13
MinimumVisualStudioVersion = 10.0.40219.1
Project("{FAE04EC0-301F-11D3-BF4B-00C04F79EFBC}") = "solid", "solid\solid.csproj", "{200EB449-18DF-4F00-BBB7-8D027B60A6A1}"
EndProject
Global
	GlobalSection(SolutionConfigurationPlatforms) = preSolution
		Debug|Any CPU = Debug|Any CPU
		Release|Any CPU = Release|Any CPU
	EndGlobalSection
	GlobalSection(ProjectConfigurationPlatforms) = postSolution
		{200EB449-18DF-4F00-BBB7-8D027B60A6A1}.Debug|Any CPU.ActiveCfg = Debug|Any CPU
		{200EB449-18DF-4F00-BBB7-8D027B60A6A1}.Debug|Any CPU.Build.0 = Debug|Any CPU
		{200EB449-18DF-4F00-BBB7-8D027B60A6A1}.Release|Any CPU.ActiveCfg = Release|Any CPU
		{200EB449-18DF-4F00-BBB7-8D027B60A6A1}.Release|Any CPU.Build.0 = Release|Any CPU
	EndGlobalSection
	GlobalSection(SolutionProperties) = preSolution
		HideSolutionNode = FALSE
	EndGlobalSection
	GlobalSection(ExtensibilityGlobals) = postSolution
		SolutionGuid = {1EF19C01-B3AF-4E9E-99A4-57802ED782F7}
	EndGlobalSection
EndGlobal
